
Microsoft Visual Studio Solution File, Format Version 12.00
# Visual Studio 2012
Project("{FAE04EC0-301F-11D3-BF4B-00C04F79EFBC}") = "Lesson02_RichTextBoxes", "Lesson02_RichTextBoxes\Lesson02_RichTextBoxes.csproj", "{7249B3A2-E3FB-4EA9-A25D-C933B5AD97AA}"
EndProject
Global
	GlobalSection(SolutionConfigurationPlatforms) = preSolution
		Debug|Any CPU = Debug|Any CPU
		Release|Any CPU = Release|Any CPU
	EndGlobalSection
	GlobalSection(ProjectConfigurationPlatforms) = postSolution
		{7249B3A2-E3FB-4EA9-A25D-C933B5AD97AA}.Debug|Any CPU.ActiveCfg = Debug|Any CPU
		{7249B3A2-E3FB-4EA9-A25D-C933B5AD97AA}.Debug|Any CPU.Build.0 = Debug|Any CPU
		{7249B3A2-E3FB-4EA9-A25D-C933B5AD97AA}.Release|Any CPU.ActiveCfg = Release|Any CPU
		{7249B3A2-E3FB-4EA9-A25D-C933B5AD97AA}.Release|Any CPU.Build.0 = Release|Any CPU
	EndGlobalSection
	GlobalSection(SolutionProperties) = preSolution
		HideSolutionNode = FALSE
	EndGlobalSection
EndGlobal
