
Microsoft Visual Studio Solution File, Format Version 12.00
# Visual Studio 2012
Project("{FAE04EC0-301F-11D3-BF4B-00C04F79EFBC}") = "Lesson02_ChangePictures", "Lesson02_ChangePictures\Lesson02_ChangePictures.csproj", "{F4A5D3F5-E806-45F1-8159-2F8C790353D2}"
EndProject
Global
	GlobalSection(SolutionConfigurationPlatforms) = preSolution
		Debug|Any CPU = Debug|Any CPU
		Release|Any CPU = Release|Any CPU
	EndGlobalSection
	GlobalSection(ProjectConfigurationPlatforms) = postSolution
		{F4A5D3F5-E806-45F1-8159-2F8C790353D2}.Debug|Any CPU.ActiveCfg = Debug|Any CPU
		{F4A5D3F5-E806-45F1-8159-2F8C790353D2}.Debug|Any CPU.Build.0 = Debug|Any CPU
		{F4A5D3F5-E806-45F1-8159-2F8C790353D2}.Release|Any CPU.ActiveCfg = Release|Any CPU
		{F4A5D3F5-E806-45F1-8159-2F8C790353D2}.Release|Any CPU.Build.0 = Release|Any CPU
	EndGlobalSection
	GlobalSection(SolutionProperties) = preSolution
		HideSolutionNode = FALSE
	EndGlobalSection
EndGlobal
