
Microsoft Visual Studio Solution File, Format Version 12.00
# Visual Studio 2012
Project("{FAE04EC0-301F-11D3-BF4B-00C04F79EFBC}") = "Lesson03_HandsOn", "Lesson03_HandsOn\Lesson03_HandsOn.csproj", "{CB33043D-9090-443C-BDA0-42B935B6C39C}"
EndProject
Global
	GlobalSection(SolutionConfigurationPlatforms) = preSolution
		Debug|Any CPU = Debug|Any CPU
		Release|Any CPU = Release|Any CPU
	EndGlobalSection
	GlobalSection(ProjectConfigurationPlatforms) = postSolution
		{CB33043D-9090-443C-BDA0-42B935B6C39C}.Debug|Any CPU.ActiveCfg = Debug|Any CPU
		{CB33043D-9090-443C-BDA0-42B935B6C39C}.Debug|Any CPU.Build.0 = Debug|Any CPU
		{CB33043D-9090-443C-BDA0-42B935B6C39C}.Release|Any CPU.ActiveCfg = Release|Any CPU
		{CB33043D-9090-443C-BDA0-42B935B6C39C}.Release|Any CPU.Build.0 = Release|Any CPU
	EndGlobalSection
	GlobalSection(SolutionProperties) = preSolution
		HideSolutionNode = FALSE
	EndGlobalSection
EndGlobal
